Microsoft Visual Studio Solution File, Format Version 12.00
# Visual Studio Version 17
VisualStudioVersion = 17.5.2.0
MinimumVisualStudioVersion = 10.0.40219.1
Project("{FAE04EC0-301F-11D3-BF4B-00C04F79EFBC}") = "JWT Authentication", "JWT Authentication.csproj", "{559CFCB9-45D3-C940-6DBE-8617CF0A75A5}"
EndProject
Global
	GlobalSection(SolutionConfigurationPlatforms) = preSolution
		Debug|Any CPU = Debug|Any CPU
		Release|Any CPU = Release|Any CPU
	EndGlobalSection
	GlobalSection(ProjectConfigurationPlatforms) = postSolution
		{559CFCB9-45D3-C940-6DBE-8617CF0A75A5}.Debug|Any CPU.ActiveCfg = Debug|Any CPU
		{559CFCB9-45D3-C940-6DBE-8617CF0A75A5}.Debug|Any CPU.Build.0 = Debug|Any CPU
		{559CFCB9-45D3-C940-6DBE-8617CF0A75A5}.Release|Any CPU.ActiveCfg = Release|Any CPU
		{559CFCB9-45D3-C940-6DBE-8617CF0A75A5}.Release|Any CPU.Build.0 = Release|Any CPU
	EndGlobalSection
	GlobalSection(SolutionProperties) = preSolution
		HideSolutionNode = FALSE
	EndGlobalSection
	GlobalSection(ExtensibilityGlobals) = postSolution
		SolutionGuid = {ED740B6C-7793-413E-9B9C-76E34AEC91DF}
	EndGlobalSection
EndGlobal
